
Microsoft Visual Studio Solution File, Format Version 12.00
# Visual Studio Version 17
VisualStudioVersion = 17.4.33403.182
MinimumVisualStudioVersion = 10.0.40219.1
Project("{FAE04EC0-301F-11D3-BF4B-00C04F79EFBC}") = "ProcessPayment", "ProcessPayment\ProcessPayment.csproj", "{AA832372-4F18-4F84-BFBE-459A90812763}"
	ProjectSection(ProjectDependencies) = postProject
		{3401A5FA-B1A0-40A9-803F-2EE9BF0958FE} = {3401A5FA-B1A0-40A9-803F-2EE9BF0958FE}
	EndProjectSection
EndProject
Project("{9A19103F-16F7-4668-BE54-9A1E7A4F7556}") = "Event.ProductsContract", "..\..\Event.ProductsContract\Event.ProductsContract\Event.ProductsContract.csproj", "{3401A5FA-B1A0-40A9-803F-2EE9BF0958FE}"
EndProject
Global
	GlobalSection(SolutionConfigurationPlatforms) = preSolution
		Debug|Any CPU = Debug|Any CPU
		Release|Any CPU = Release|Any CPU
	EndGlobalSection
	GlobalSection(ProjectConfigurationPlatforms) = postSolution
		{AA832372-4F18-4F84-BFBE-459A90812763}.Debug|Any CPU.ActiveCfg = Debug|Any CPU
		{AA832372-4F18-4F84-BFBE-459A90812763}.Debug|Any CPU.Build.0 = Debug|Any CPU
		{AA832372-4F18-4F84-BFBE-459A90812763}.Release|Any CPU.ActiveCfg = Release|Any CPU
		{AA832372-4F18-4F84-BFBE-459A90812763}.Release|Any CPU.Build.0 = Release|Any CPU
		{3401A5FA-B1A0-40A9-803F-2EE9BF0958FE}.Debug|Any CPU.ActiveCfg = Debug|Any CPU
		{3401A5FA-B1A0-40A9-803F-2EE9BF0958FE}.Debug|Any CPU.Build.0 = Debug|Any CPU
		{3401A5FA-B1A0-40A9-803F-2EE9BF0958FE}.Release|Any CPU.ActiveCfg = Release|Any CPU
		{3401A5FA-B1A0-40A9-803F-2EE9BF0958FE}.Release|Any CPU.Build.0 = Release|Any CPU
	EndGlobalSection
	GlobalSection(SolutionProperties) = preSolution
		HideSolutionNode = FALSE
	EndGlobalSection
	GlobalSection(ExtensibilityGlobals) = postSolution
		SolutionGuid = {B62B6D13-B7F4-4A24-A751-13C23BA8F796}
	EndGlobalSection
EndGlobal
